
Microsoft Visual Studio Solution File, Format Version 12.00
# Visual Studio Version 17
VisualStudioVersion = 17.11.35312.102
MinimumVisualStudioVersion = 10.0.40219.1
Project("{2150E333-8FDC-42A3-9474-1A3956D46DE8}") = "Coffebara", "Coffebara", "{D13190E6-713E-4018-9569-65CFABE2328D}"
EndProject
Project("{FAE04EC0-301F-11D3-BF4B-00C04F79EFBC}") = "CoffebaraOrcamentos", "CoffebaraOrcamentos\CoffebaraOrcamentos.csproj", "{C7D16A8B-2FE4-488C-903F-C56C4B6C593F}"
EndProject
Global
	GlobalSection(SolutionConfigurationPlatforms) = preSolution
		Debug|Any CPU = Debug|Any CPU
		Release|Any CPU = Release|Any CPU
	EndGlobalSection
	GlobalSection(ProjectConfigurationPlatforms) = postSolution
		{C7D16A8B-2FE4-488C-903F-C56C4B6C593F}.Debug|Any CPU.ActiveCfg = Debug|Any CPU
		{C7D16A8B-2FE4-488C-903F-C56C4B6C593F}.Debug|Any CPU.Build.0 = Debug|Any CPU
		{C7D16A8B-2FE4-488C-903F-C56C4B6C593F}.Release|Any CPU.ActiveCfg = Release|Any CPU
		{C7D16A8B-2FE4-488C-903F-C56C4B6C593F}.Release|Any CPU.Build.0 = Release|Any CPU
	EndGlobalSection
	GlobalSection(SolutionProperties) = preSolution
		HideSolutionNode = FALSE
	EndGlobalSection
	GlobalSection(NestedProjects) = preSolution
		{C7D16A8B-2FE4-488C-903F-C56C4B6C593F} = {D13190E6-713E-4018-9569-65CFABE2328D}
	EndGlobalSection
	GlobalSection(ExtensibilityGlobals) = postSolution
		SolutionGuid = {34600DFD-F152-4886-9F49-C157863A461D}
	EndGlobalSection
EndGlobal
